
Microsoft Visual Studio Solution File, Format Version 12.00
# Visual Studio Express 2013 for Windows Desktop
VisualStudioVersion = 12.0.21005.1
MinimumVisualStudioVersion = 10.0.40219.1
Project("{FAE04EC0-301F-11D3-BF4B-00C04F79EFBC}") = "VoloshinBogdan_WorkDirect", "VoloshinBogdan_WorkDirect.csproj", "{1BF2BC9E-81B9-4C94-8049-CB53BECDB35C}"
EndProject
Project("{FAE04EC0-301F-11D3-BF4B-00C04F79EFBC}") = "PascalABCSaushkinParser", "..\Parsers\PascalABCParserNewSaushkin\PascalABCSaushkinParser.csproj", "{1443F539-DCC7-4491-B4FD-B716C739DB3C}"
EndProject
Project("{FAE04EC0-301F-11D3-BF4B-00C04F79EFBC}") = "ParserTools", "..\ParserTools\ParserTools.csproj", "{AF2EFD7B-69DD-4B43-AF65-B59B29349C23}"
EndProject
Project("{FAE04EC0-301F-11D3-BF4B-00C04F79EFBC}") = "Errors", "..\Errors\Errors.csproj", "{44A01F9E-DCE7-470C-AAE5-C3DE0CCBEE3B}"
EndProject
Project("{FAE04EC0-301F-11D3-BF4B-00C04F79EFBC}") = "SyntaxTree", "..\SyntaxTree\SyntaxTree.csproj", "{C2CAC65A-B2AE-4CCC-B067-E6B8E75DF73A}"
EndProject
Global
	GlobalSection(SolutionConfigurationPlatforms) = preSolution
		Debug|Any CPU = Debug|Any CPU
		Release|Any CPU = Release|Any CPU
	EndGlobalSection
	GlobalSection(ProjectConfigurationPlatforms) = postSolution
		{1BF2BC9E-81B9-4C94-8049-CB53BECDB35C}.Debug|Any CPU.ActiveCfg = Debug|Any CPU
		{1BF2BC9E-81B9-4C94-8049-CB53BECDB35C}.Debug|Any CPU.Build.0 = Debug|Any CPU
		{1BF2BC9E-81B9-4C94-8049-CB53BECDB35C}.Release|Any CPU.ActiveCfg = Release|Any CPU
		{1BF2BC9E-81B9-4C94-8049-CB53BECDB35C}.Release|Any CPU.Build.0 = Release|Any CPU
		{1443F539-DCC7-4491-B4FD-B716C739DB3C}.Debug|Any CPU.ActiveCfg = Debug|Any CPU
		{1443F539-DCC7-4491-B4FD-B716C739DB3C}.Debug|Any CPU.Build.0 = Debug|Any CPU
		{1443F539-DCC7-4491-B4FD-B716C739DB3C}.Release|Any CPU.ActiveCfg = Release|Any CPU
		{1443F539-DCC7-4491-B4FD-B716C739DB3C}.Release|Any CPU.Build.0 = Release|Any CPU
		{AF2EFD7B-69DD-4B43-AF65-B59B29349C23}.Debug|Any CPU.ActiveCfg = Debug|Any CPU
		{AF2EFD7B-69DD-4B43-AF65-B59B29349C23}.Debug|Any CPU.Build.0 = Debug|Any CPU
		{AF2EFD7B-69DD-4B43-AF65-B59B29349C23}.Release|Any CPU.ActiveCfg = Release|Any CPU
		{AF2EFD7B-69DD-4B43-AF65-B59B29349C23}.Release|Any CPU.Build.0 = Release|Any CPU
		{44A01F9E-DCE7-470C-AAE5-C3DE0CCBEE3B}.Debug|Any CPU.ActiveCfg = Debug|Any CPU
		{44A01F9E-DCE7-470C-AAE5-C3DE0CCBEE3B}.Debug|Any CPU.Build.0 = Debug|Any CPU
		{44A01F9E-DCE7-470C-AAE5-C3DE0CCBEE3B}.Release|Any CPU.ActiveCfg = Release|Any CPU
		{44A01F9E-DCE7-470C-AAE5-C3DE0CCBEE3B}.Release|Any CPU.Build.0 = Release|Any CPU
		{C2CAC65A-B2AE-4CCC-B067-E6B8E75DF73A}.Debug|Any CPU.ActiveCfg = Debug|Any CPU
		{C2CAC65A-B2AE-4CCC-B067-E6B8E75DF73A}.Debug|Any CPU.Build.0 = Debug|Any CPU
		{C2CAC65A-B2AE-4CCC-B067-E6B8E75DF73A}.Release|Any CPU.ActiveCfg = Release|Any CPU
		{C2CAC65A-B2AE-4CCC-B067-E6B8E75DF73A}.Release|Any CPU.Build.0 = Release|Any CPU
	EndGlobalSection
	GlobalSection(SolutionProperties) = preSolution
		HideSolutionNode = FALSE
	EndGlobalSection
EndGlobal
